<?xml version="1.0" encoding="UTF-8" standalone="yes" ?>
<CodeBlocks_project_file>
	<FileVersion major="1" minor="6" />
	<Project>
		<Option title="hot_reader" />
		<Option makefile="../hot_reader/Makefile" />
		<Option makefile_is_custom="1" />
		<Option execution_dir="../build" />
		<Option pch_mode="2" />
		<Option compiler="gfortran" />
		<Build>
			<Target title="all">
				<Option output="../build/hot_reader" prefix_auto="1" extension_auto="1" />
				<Option working_dir="../build" />
				<Option type="0" />
				<Option compiler="gfortran" />
			</Target>
		</Build>
		<Compiler>
			<Add option="-Wall" />
		</Compiler>
		<Unit filename="main.f90">
			<Option target="&lt;{~None~}&gt;" />
		</Unit>
		<Extensions>
			<envvars />
			<code_completion />
			<debugger />
			<lib_finder disable_auto="1" />
		</Extensions>
	</Project>
</CodeBlocks_project_file>
